
Microsoft Visual Studio Solution File, Format Version 12.00
# Visual Studio Version 17
VisualStudioVersion = 17.3.32922.545
MinimumVisualStudioVersion = 10.0.40219.1
Project("{FAE04EC0-301F-11D3-BF4B-00C04F79EFBC}") = "M03DND10192022", "M03DND10192022.csproj", "{EA842597-E078-437F-9ACC-8888C27B34C3}"
EndProject
Global
	GlobalSection(SolutionConfigurationPlatforms) = preSolution
		Debug|Any CPU = Debug|Any CPU
		Release|Any CPU = Release|Any CPU
	EndGlobalSection
	GlobalSection(ProjectConfigurationPlatforms) = postSolution
		{EA842597-E078-437F-9ACC-8888C27B34C3}.Debug|Any CPU.ActiveCfg = Debug|Any CPU
		{EA842597-E078-437F-9ACC-8888C27B34C3}.Debug|Any CPU.Build.0 = Debug|Any CPU
		{EA842597-E078-437F-9ACC-8888C27B34C3}.Release|Any CPU.ActiveCfg = Release|Any CPU
		{EA842597-E078-437F-9ACC-8888C27B34C3}.Release|Any CPU.Build.0 = Release|Any CPU
	EndGlobalSection
	GlobalSection(SolutionProperties) = preSolution
		HideSolutionNode = FALSE
	EndGlobalSection
	GlobalSection(ExtensibilityGlobals) = postSolution
		SolutionGuid = {3EE51FE5-B473-4A80-A56E-F71685C1CAFE}
	EndGlobalSection
EndGlobal
